
Microsoft Visual Studio Solution File, Format Version 12.00
# Visual Studio Version 17
VisualStudioVersion = 17.14.36109.1 d17.14
MinimumVisualStudioVersion = 10.0.40219.1
Project("{FAE04EC0-301F-11D3-BF4B-00C04F79EFBC}") = "Event Management System", "Event Management System.csproj", "{DD766D4A-2318-436E-B9D2-6138FDBE6E21}"
EndProject
Global
	GlobalSection(SolutionConfigurationPlatforms) = preSolution
		Debug|Any CPU = Debug|Any CPU
		Release|Any CPU = Release|Any CPU
	EndGlobalSection
	GlobalSection(ProjectConfigurationPlatforms) = postSolution
		{DD766D4A-2318-436E-B9D2-6138FDBE6E21}.Debug|Any CPU.ActiveCfg = Debug|Any CPU
		{DD766D4A-2318-436E-B9D2-6138FDBE6E21}.Debug|Any CPU.Build.0 = Debug|Any CPU
		{DD766D4A-2318-436E-B9D2-6138FDBE6E21}.Release|Any CPU.ActiveCfg = Release|Any CPU
		{DD766D4A-2318-436E-B9D2-6138FDBE6E21}.Release|Any CPU.Build.0 = Release|Any CPU
	EndGlobalSection
	GlobalSection(SolutionProperties) = preSolution
		HideSolutionNode = FALSE
	EndGlobalSection
	GlobalSection(ExtensibilityGlobals) = postSolution
		SolutionGuid = {8EEC7334-5F4A-4D76-89E1-CA2C52FFF213}
	EndGlobalSection
EndGlobal
